// !$*UTF8*$!
{
	archiveVersion = 1;
	classes = {
	};
	objectVersion = 46;
	objects = {

/* Begin PBXBuildFile section */
		6CA4222E1D6944F700B218C5 /* main.m in Sources */ = {isa = PBXBuildFile; fileRef = 6CA4222D1D6944F700B218C5 /* main.m */; };
		6CA422311D6944F700B218C5 /* AppDelegate.m in Sources */ = {isa = PBXBuildFile; fileRef = 6CA422301D6944F700B218C5 /* AppDelegate.m */; };
		6CA422341D6944F700B218C5 /* ViewController.m in Sources */ = {isa = PBXBuildFile; fileRef = 6CA422331D6944F700B218C5 /* ViewController.m */; };
		6CA422371D6944F700B218C5 /* Main.storyboard in Resources */ = {isa = PBXBuildFile; fileRef = 6CA422351D6944F700B218C5 /* Main.storyboard */; };
		6CA422391D6944F700B218C5 /* Assets.xcassets in Resources */ = {isa = PBXBuildFile; fileRef = 6CA422381D6944F700B218C5 /* Assets.xcassets */; };
		6CA4223C1D6944F700B218C5 /* LaunchScreen.storyboard in Resources */ = {isa = PBXBuildFile; fileRef = 6CA4223A1D6944F700B218C5 /* LaunchScreen.storyboard */; };
		6CA422471D6944F700B218C5 /* blocksTests.m in Sources */ = {isa = PBXBuildFile; fileRef = 6CA422461D6944F700B218C5 /* blocksTests.m */; };
		6CA422521D6944F700B218C5 /* blocksUITests.m in Sources */ = {isa = PBXBuildFile; fileRef = 6CA422511D6944F700B218C5 /* blocksUITests.m */; };
		6CA422611D6948EB00B218C5 /* secondViewController.m in Sources */ = {isa = PBXBuildFile; fileRef = 6CA422601D6948EB00B218C5 /* secondViewController.m */; };
/* End PBXBuildFile section */

/* Begin PBXContainerItemProxy section */
		6CA422431D6944F700B218C5 /* PBXContainerItemProxy */ = {
			isa = PBXContainerItemProxy;
			containerPortal = 6CA422211D6944F700B218C5 /* Project object */;
			proxyType = 1;
			remoteGlobalIDString = 6CA422281D6944F700B218C5;
			remoteInfo = blocks;
		};
		6CA4224E1D6944F700B218C5 /* PBXContainerItemProxy */ = {
			isa = PBXContainerItemProxy;
			containerPortal = 6CA422211D6944F700B218C5 /* Project object */;
			proxyType = 1;
			remoteGlobalIDString = 6CA422281D6944F700B218C5;
			remoteInfo = blocks;
		};
/* End PBXContainerItemProxy section */

/* Begin PBXFileReference section */
		6CA422291D6944F700B218C5 /* blocks.app */ = {isa = PBXFileReference; explicitFileType = wrapper.application; includeInIndex = 0; path = blocks.app; sourceTree = BUILT_PRODUCTS_DIR; };
		6CA4222D1D6944F700B218C5 /* main.m */ = {isa = PBXFileReference; lastKnownFileType = sourcecode.c.objc; path = main.m; sourceTree = "<group>"; };
		6CA4222F1D6944F700B218C5 /* AppDelegate.h */ = {isa = PBXFileReference; lastKnownFileType = sourcecode.c.h; path = AppDelegate.h; sourceTree = "<group>"; };
		6CA422301D6944F700B218C5 /* AppDelegate.m */ = {isa = PBXFileReference; lastKnownFileType = sourcecode.c.objc; path = AppDelegate.m; sourceTree = "<group>"; };
		6CA422321D6944F700B218C5 /* ViewController.h */ = {isa = PBXFileReference; lastKnownFileType = sourcecode.c.h; path = ViewController.h; sourceTree = "<group>"; };
		6CA422331D6944F700B218C5 /* ViewController.m */ = {isa = PBXFileReference; lastKnownFileType = sourcecode.c.objc; path = ViewController.m; sourceTree = "<group>"; };
		6CA422361D6944F700B218C5 /* Base */ = {isa = PBXFileReference; lastKnownFileType = file.storyboard; name = Base; path = Base.lproj/Main.storyboard; sourceTree = "<group>"; };
		6CA422381D6944F700B218C5 /* Assets.xcassets */ = {isa = PBXFileReference; lastKnownFileType = folder.assetcatalog; path = Assets.xcassets; sourceTree = "<group>"; };
		6CA4223B1D6944F700B218C5 /* Base */ = {isa = PBXFileReference; lastKnownFileType = file.storyboard; name = Base; path = Base.lproj/LaunchScreen.storyboard; sourceTree = "<group>"; };
		6CA4223D1D6944F700B218C5 /* Info.plist */ = {isa = PBXFileReference; lastKnownFileType = text.plist.xml; path = Info.plist; sourceTree = "<group>"; };
		6CA422421D6944F700B218C5 /* blocksTests.xctest */ = {isa = PBXFileReference; explicitFileType = wrapper.cfbundle; includeInIndex = 0; path = blocksTests.xctest; sourceTree = BUILT_PRODUCTS_DIR; };
		6CA422461D6944F700B218C5 /* blocksTests.m */ = {isa = PBXFileReference; lastKnownFileType = sourcecode.c.objc; path = blocksTests.m; sourceTree = "<group>"; };
		6CA422481D6944F700B218C5 /* Info.plist */ = {isa = PBXFileReference; lastKnownFileType = text.plist.xml; path = Info.plist; sourceTree = "<group>"; };
		6CA4224D1D6944F700B218C5 /* blocksUITests.xctest */ = {isa = PBXFileReference; explicitFileType = wrapper.cfbundle; includeInIndex = 0; path = blocksUITests.xctest; sourceTree = BUILT_PRODUCTS_DIR; };
		6CA422511D6944F700B218C5 /* blocksUITests.m */ = {isa = PBXFileReference; lastKnownFileType = sourcecode.c.objc; path = blocksUITests.m; sourceTree = "<group>"; };
		6CA422531D6944F700B218C5 /* Info.plist */ = {isa = PBXFileReference; lastKnownFileType = text.plist.xml; path = Info.plist; sourceTree = "<group>"; };
		6CA4225F1D6948EB00B218C5 /* secondViewController.h */ = {isa = PBXFileReference; fileEncoding = 4; lastKnownFileType = sourcecode.c.h; path = secondViewController.h; sourceTree = "<group>"; };
		6CA422601D6948EB00B218C5 /* secondViewController.m */ = {isa = PBXFileReference; fileEncoding = 4; lastKnownFileType = sourcecode.c.objc; path = secondViewController.m; sourceTree = "<group>"; };
/* End PBXFileReference section */

/* Begin PBXFrameworksBuildPhase section */
		6CA422261D6944F700B218C5 /* Frameworks */ = {
			isa = PBXFrameworksBuildPhase;
			buildActionMask = 2147483647;
			files = (
			);
			runOnlyForDeploymentPostprocessing = 0;
		};
		6CA4223F1D6944F700B218C5 /* Frameworks */ = {
			isa = PBXFrameworksBuildPhase;
			buildActionMask = 2147483647;
			files = (
			);
			runOnlyForDeploymentPostprocessing = 0;
		};
		6CA4224A1D6944F700B218C5 /* Frameworks */ = {
			isa = PBXFrameworksBuildPhase;
			buildActionMask = 2147483647;
			files = (
			);
			runOnlyForDeploymentPostprocessing = 0;
		};
/* End PBXFrameworksBuildPhase section */

/* Begin PBXGroup section */
		6CA422201D6944F700B218C5 = {
			isa = PBXGroup;
			children = (
				6CA4222B1D6944F700B218C5 /* blocks */,
				6CA422451D6944F700B218C5 /* blocksTests */,
				6CA422501D6944F700B218C5 /* blocksUITests */,
				6CA4222A1D6944F700B218C5 /* Products */,
			);
			sourceTree = "<group>";
		};
		6CA4222A1D6944F700B218C5 /* Products */ = {
			isa = PBXGroup;
			children = (
				6CA422291D6944F700B218C5 /* blocks.app */,
				6CA422421D6944F700B218C5 /* blocksTests.xctest */,
				6CA4224D1D6944F700B218C5 /* blocksUITests.xctest */,
			);
			name = Products;
			sourceTree = "<group>";
		};
		6CA4222B1D6944F700B218C5 /* blocks */ = {
			isa = PBXGroup;
			children = (
				6CA4222F1D6944F700B218C5 /* AppDelegate.h */,
				6CA422301D6944F700B218C5 /* AppDelegate.m */,
				6CA422321D6944F700B218C5 /* ViewController.h */,
				6CA422331D6944F700B218C5 /* ViewController.m */,
				6CA4225F1D6948EB00B218C5 /* secondViewController.h */,
				6CA422601D6948EB00B218C5 /* secondViewController.m */,
				6CA422351D6944F700B218C5 /* Main.storyboard */,
				6CA422381D6944F700B218C5 /* Assets.xcassets */,
				6CA4223A1D6944F700B218C5 /* LaunchScreen.storyboard */,
				6CA4223D1D6944F700B218C5 /* Info.plist */,
				6CA4222C1D6944F700B218C5 /* Supporting Files */,
			);
			path = blocks;
			sourceTree = "<group>";
		};
		6CA4222C1D6944F700B218C5 /* Supporting Files */ = {
			isa = PBXGroup;
			children = (
				6CA4222D1D6944F700B218C5 /* main.m */,
			);
			name = "Supporting Files";
			sourceTree = "<group>";
		};
		6CA422451D6944F700B218C5 /* blocksTests */ = {
			isa = PBXGroup;
			children = (
				6CA422461D6944F700B218C5 /* blocksTests.m */,
				6CA422481D6944F700B218C5 /* Info.plist */,
			);
			path = blocksTests;
			sourceTree = "<group>";
		};
		6CA422501D6944F700B218C5 /* blocksUITests */ = {
			isa = PBXGroup;
			children = (
				6CA422511D6944F700B218C5 /* blocksUITests.m */,
				6CA422531D6944F700B218C5 /* Info.plist */,
			);
			path = blocksUITests;
			sourceTree = "<group>";
		};
/* End PBXGroup section */

/* Begin PBXNativeTarget section */
		6CA422281D6944F700B218C5 /* blocks */ = {
			isa = PBXNativeTarget;
			buildConfigurationList = 6CA422561D6944F700B218C5 /* Build configuration list for PBXNativeTarget "blocks" */;
			buildPhases = (
				6CA422251D6944F700B218C5 /* Sources */,
				6CA422261D6944F700B218C5 /* Frameworks */,
				6CA422271D6944F700B218C5 /* Resources */,
			);
			buildRules = (
			);
			dependencies = (
			);
			name = blocks;
			productName = blocks;
			productReference = 6CA422291D6944F700B218C5 /* blocks.app */;
			productType = "com.apple.product-type.application";
		};
		6CA422411D6944F700B218C5 /* blocksTests */ = {
			isa = PBXNativeTarget;
			buildConfigurationList = 6CA422591D6944F700B218C5 /* Build configuration list for PBXNativeTarget "blocksTests" */;
			buildPhases = (
				6CA4223E1D6944F700B218C5 /* Sources */,
				6CA4223F1D6944F700B218C5 /* Frameworks */,
				6CA422401D6944F700B218C5 /* Resources */,
			);
			buildRules = (
			);
			dependencies = (
				6CA422441D6944F700B218C5 /* PBXTargetDependency */,
			);
			name = blocksTests;
			productName = blocksTests;
			productReference = 6CA422421D6944F700B218C5 /* blocksTests.xctest */;
			productType = "com.apple.product-type.bundle.unit-test";
		};
		6CA4224C1D6944F700B218C5 /* blocksUITests */ = {
			isa = PBXNativeTarget;
			buildConfigurationList = 6CA4225C1D6944F700B218C5 /* Build configuration list for PBXNativeTarget "blocksUITests" */;
			buildPhases = (
				6CA422491D6944F700B218C5 /* Sources */,
				6CA4224A1D6944F700B218C5 /* Frameworks */,
				6CA4224B1D6944F700B218C5 /* Resources */,
			);
			buildRules = (
			);
			dependencies = (
				6CA4224F1D6944F700B218C5 /* PBXTargetDependency */,
			);
			name = blocksUITests;
			productName = blocksUITests;
			productReference = 6CA4224D1D6944F700B218C5 /* blocksUITests.xctest */;
			productType = "com.apple.product-type.bundle.ui-testing";
		};
/* End PBXNativeTarget section */

/* Begin PBXProject section */
		6CA422211D6944F700B218C5 /* Project object */ = {
			isa = PBXProject;
			attributes = {
				LastUpgradeCheck = 0730;
				ORGANIZATIONNAME = "方超";
				TargetAttributes = {
					6CA422281D6944F700B218C5 = {
						CreatedOnToolsVersion = 7.3;
					};
					6CA422411D6944F700B218C5 = {
						CreatedOnToolsVersion = 7.3;
						TestTargetID = 6CA422281D6944F700B218C5;
					};
					6CA4224C1D6944F700B218C5 = {
						CreatedOnToolsVersion = 7.3;
						TestTargetID = 6CA422281D6944F700B218C5;
					};
				};
			};
			buildConfigurationList = 6CA422241D6944F700B218C5 /* Build configuration list for PBXProject "blocks" */;
			compatibilityVersion = "Xcode 3.2";
			developmentRegion = English;
			hasScannedForEncodings = 0;
			knownRegions = (
				en,
				Base,
			);
			mainGroup = 6CA422201D6944F700B218C5;
			productRefGroup = 6CA4222A1D6944F700B218C5 /* Products */;
			projectDirPath = "";
			projectRoot = "";
			targets = (
				6CA422281D6944F700B218C5 /* blocks */,
				6CA422411D6944F700B218C5 /* blocksTests */,
				6CA4224C1D6944F700B218C5 /* blocksUITests */,
			);
		};
/* End PBXProject section */

/* Begin PBXResourcesBuildPhase section */
		6CA422271D6944F700B218C5 /* Resources */ = {
			isa = PBXResourcesBuildPhase;
			buildActionMask = 2147483647;
			files = (
				6CA4223C1D6944F700B218C5 /* LaunchScreen.storyboard in Resources */,
				6CA422391D6944F700B218C5 /* Assets.xcassets in Resources */,
				6CA422371D6944F700B218C5 /* Main.storyboard in Resources */,
			);
			runOnlyForDeploymentPostprocessing = 0;
		};
		6CA422401D6944F700B218C5 /* Resources */ = {
			isa = PBXResourcesBuildPhase;
			buildActionMask = 2147483647;
			files = (
			);
			runOnlyForDeploymentPostprocessing = 0;
		};
		6CA4224B1D6944F700B218C5 /* Resources */ = {
			isa = PBXResourcesBuildPhase;
			buildActionMask = 2147483647;
			files = (
			);
			runOnlyForDeploymentPostprocessing = 0;
		};
/* End PBXResourcesBuildPhase section */

/* Begin PBXSourcesBuildPhase section */
		6CA422251D6944F700B218C5 /* Sources */ = {
			isa = PBXSourcesBuildPhase;
			buildActionMask = 2147483647;
			files = (
				6CA422611D6948EB00B218C5 /* secondViewController.m in Sources */,
				6CA422341D6944F700B218C5 /* ViewController.m in Sources */,
				6CA422311D6944F700B218C5 /* AppDelegate.m in Sources */,
				6CA4222E1D6944F700B218C5 /* main.m in Sources */,
			);
			runOnlyForDeploymentPostprocessing = 0;
		};
		6CA4223E1D6944F700B218C5 /* Sources */ = {
			isa = PBXSourcesBuildPhase;
			buildActionMask = 2147483647;
			files = (
				6CA422471D6944F700B218C5 /* blocksTests.m in Sources */,
			);
			runOnlyForDeploymentPostprocessing = 0;
		};
		6CA422491D6944F700B218C5 /* Sources */ = {
			isa = PBXSourcesBuildPhase;
			buildActionMask = 2147483647;
			files = (
				6CA422521D6944F700B218C5 /* blocksUITests.m in Sources */,
			);
			runOnlyForDeploymentPostprocessing = 0;
		};
/* End PBXSourcesBuildPhase section */

/* Begin PBXTargetDependency section */
		6CA422441D6944F700B218C5 /* PBXTargetDependency */ = {
			isa = PBXTargetDependency;
			target = 6CA422281D6944F700B218C5 /* blocks */;
			targetProxy = 6CA422431D6944F700B218C5 /* PBXContainerItemProxy */;
		};
		6CA4224F1D6944F700B218C5 /* PBXTargetDependency */ = {
			isa = PBXTargetDependency;
			target = 6CA422281D6944F700B218C5 /* blocks */;
			targetProxy = 6CA4224E1D6944F700B218C5 /* PBXContainerItemProxy */;
		};
/* End PBXTargetDependency section */

/* Begin PBXVariantGroup section */
		6CA422351D6944F700B218C5 /* Main.storyboard */ = {
			isa = PBXVariantGroup;
			children = (
				6CA422361D6944F700B218C5 /* Base */,
			);
			name = Main.storyboard;
			sourceTree = "<group>";
		};
		6CA4223A1D6944F700B218C5 /* LaunchScreen.storyboard */ = {
			isa = PBXVariantGroup;
			children = (
				6CA4223B1D6944F700B218C5 /* Base */,
			);
			name = LaunchScreen.storyboard;
			sourceTree = "<group>";
		};
/* End PBXVariantGroup section */

/* Begin XCBuildConfiguration section */
		6CA422541D6944F700B218C5 /* Debug */ = {
			isa = XCBuildConfiguration;
			buildSettings = {
				ALWAYS_SEARCH_USER_PATHS = NO;
				CLANG_ANALYZER_NONNULL = YES;
				CLANG_CXX_LANGUAGE_STANDARD = "gnu++0x";
				CLANG_CXX_LIBRARY = "libc++";
				CLANG_ENABLE_MODULES = YES;
				CLANG_ENABLE_OBJC_ARC = YES;
				CLANG_WARN_BOOL_CONVERSION = YES;
				CLANG_WARN_CONSTANT_CONVERSION = YES;
				CLANG_WARN_DIRECT_OBJC_ISA_USAGE = YES_ERROR;
				CLANG_WARN_EMPTY_BODY = YES;
				CLANG_WARN_ENUM_CONVERSION = YES;
				CLANG_WARN_INT_CONVERSION = YES;
				CLANG_WARN_OBJC_ROOT_CLASS = YES_ERROR;
				CLANG_WARN_UNREACHABLE_CODE = YES;
				CLANG_WARN__DUPLICATE_METHOD_MATCH = YES;
				"CODE_SIGN_IDENTITY[sdk=iphoneos*]" = "iPhone Developer";
				COPY_PHASE_STRIP = NO;
				DEBUG_INFORMATION_FORMAT = dwarf;
				ENABLE_STRICT_OBJC_MSGSEND = YES;
				ENABLE_TESTABILITY = YES;
				GCC_C_LANGUAGE_STANDARD = gnu99;
				GCC_DYNAMIC_NO_PIC = NO;
				GCC_NO_COMMON_BLOCKS = YES;
				GCC_OPTIMIZATION_LEVEL = 0;
				GCC_PREPROCESSOR_DEFINITIONS = (
					"DEBUG=1",
					"$(inherited)",
				);
				GCC_WARN_64_TO_32_BIT_CONVERSION = YES;
				GCC_WARN_ABOUT_RETURN_TYPE = YES_ERROR;
				GCC_WARN_UNDECLARED_SELECTOR = YES;
				GCC_WARN_UNINITIALIZED_AUTOS = YES_AGGRESSIVE;
				GCC_WARN_UNUSED_FUNCTION = YES;
				GCC_WARN_UNUSED_VARIABLE = YES;
				IPHONEOS_DEPLOYMENT_TARGET = 9.3;
				MTL_ENABLE_DEBUG_INFO = YES;
				ONLY_ACTIVE_ARCH = YES;
				SDKROOT = iphoneos;
				TARGETED_DEVICE_FAMILY = "1,2";
			};
			name = Debug;
		};
		6CA422551D6944F700B218C5 /* Release */ = {
			isa = XCBuildConfiguration;
			buildSettings = {
				ALWAYS_SEARCH_USER_PATHS = NO;
				CLANG_ANALYZER_NONNULL = YES;
				CLANG_CXX_LANGUAGE_STANDARD = "gnu++0x";
				CLANG_CXX_LIBRARY = "libc++";
				CLANG_ENABLE_MODULES = YES;
				CLANG_ENABLE_OBJC_ARC = YES;
				CLANG_WARN_BOOL_CONVERSION = YES;
				CLANG_WARN_CONSTANT_CONVERSION = YES;
				CLANG_WARN_DIRECT_OBJC_ISA_USAGE = YES_ERROR;
				CLANG_WARN_EMPTY_BODY = YES;
				CLANG_WARN_ENUM_CONVERSION = YES;
				CLANG_WARN_INT_CONVERSION = YES;
				CLANG_WARN_OBJC_ROOT_CLASS = YES_ERROR;
				CLANG_WARN_UNREACHABLE_CODE = YES;
				CLANG_WARN__DUPLICATE_METHOD_MATCH = YES;
				"CODE_SIGN_IDENTITY[sdk=iphoneos*]" = "iPhone Developer";
				COPY_PHASE_STRIP = NO;
				DEBUG_INFORMATION_FORMAT = "dwarf-with-dsym";
				ENABLE_NS_ASSERTIONS = NO;
				ENABLE_STRICT_OBJC_MSGSEND = YES;
				GCC_C_LANGUAGE_STANDARD = gnu99;
				GCC_NO_COMMON_BLOCKS = YES;
				GCC_WARN_64_TO_32_BIT_CONVERSION = YES;
				GCC_WARN_ABOUT_RETURN_TYPE = YES_ERROR;
				GCC_WARN_UNDECLARED_SELECTOR = YES;
				GCC_WARN_UNINITIALIZED_AUTOS = YES_AGGRESSIVE;
				GCC_WARN_UNUSED_FUNCTION = YES;
				GCC_WARN_UNUSED_VARIABLE = YES;
				IPHONEOS_DEPLOYMENT_TARGET = 9.3;
				MTL_ENABLE_DEBUG_INFO = NO;
				SDKROOT = iphoneos;
				TARGETED_DEVICE_FAMILY = "1,2";
				VALIDATE_PRODUCT = YES;
			};
			name = Release;
		};
		6CA422571D6944F700B218C5 /* Debug */ = {
			isa = XCBuildConfiguration;
			buildSettings = {
				ASSETCATALOG_COMPILER_APPICON_NAME = AppIcon;
				INFOPLIST_FILE = blocks/Info.plist;
				LD_RUNPATH_SEARCH_PATHS = "$(inherited) @executable_path/Frameworks";
				PRODUCT_BUNDLE_IDENTIFIER = FlyHaagenDazs.blocks;
				PRODUCT_NAME = "$(TARGET_NAME)";
			};
			name = Debug;
		};
		6CA422581D6944F700B218C5 /* Release */ = {
			isa = XCBuildConfiguration;
			buildSettings = {
				ASSETCATALOG_COMPILER_APPICON_NAME = AppIcon;
				INFOPLIST_FILE = blocks/Info.plist;
				LD_RUNPATH_SEARCH_PATHS = "$(inherited) @executable_path/Frameworks";
				PRODUCT_BUNDLE_IDENTIFIER = FlyHaagenDazs.blocks;
				PRODUCT_NAME = "$(TARGET_NAME)";
			};
			name = Release;
		};
		6CA4225A1D6944F700B218C5 /* Debug */ = {
			isa = XCBuildConfiguration;
			buildSettings = {
				BUNDLE_LOADER = "$(TEST_HOST)";
				INFOPLIST_FILE = blocksTests/Info.plist;
				LD_RUNPATH_SEARCH_PATHS = "$(inherited) @executable_path/Frameworks @loader_path/Frameworks";
				PRODUCT_BUNDLE_IDENTIFIER = FlyHaagenDazs.blocksTests;
				PRODUCT_NAME = "$(TARGET_NAME)";
				TEST_HOST = "$(BUILT_PRODUCTS_DIR)/blocks.app/blocks";
			};
			name = Debug;
		};
		6CA4225B1D6944F700B218C5 /* Release */ = {
			isa = XCBuildConfiguration;
			buildSettings = {
				BUNDLE_LOADER = "$(TEST_HOST)";
				INFOPLIST_FILE = blocksTests/Info.plist;
				LD_RUNPATH_SEARCH_PATHS = "$(inherited) @executable_path/Frameworks @loader_path/Frameworks";
				PRODUCT_BUNDLE_IDENTIFIER = FlyHaagenDazs.blocksTests;
				PRODUCT_NAME = "$(TARGET_NAME)";
				TEST_HOST = "$(BUILT_PRODUCTS_DIR)/blocks.app/blocks";
			};
			name = Release;
		};
		6CA4225D1D6944F700B218C5 /* Debug */ = {
			isa = XCBuildConfiguration;
			buildSettings = {
				INFOPLIST_FILE = blocksUITests/Info.plist;
				LD_RUNPATH_SEARCH_PATHS = "$(inherited) @executable_path/Frameworks @loader_path/Frameworks";
				PRODUCT_BUNDLE_IDENTIFIER = FlyHaagenDazs.blocksUITests;
				PRODUCT_NAME = "$(TARGET_NAME)";
				TEST_TARGET_NAME = blocks;
			};
			name = Debug;
		};
		6CA4225E1D6944F700B218C5 /* Release */ = {
			isa = XCBuildConfiguration;
			buildSettings = {
				INFOPLIST_FILE = blocksUITests/Info.plist;
				LD_RUNPATH_SEARCH_PATHS = "$(inherited) @executable_path/Frameworks @loader_path/Frameworks";
				PRODUCT_BUNDLE_IDENTIFIER = FlyHaagenDazs.blocksUITests;
				PRODUCT_NAME = "$(TARGET_NAME)";
				TEST_TARGET_NAME = blocks;
			};
			name = Release;
		};
/* End XCBuildConfiguration section */

/* Begin XCConfigurationList section */
		6CA422241D6944F700B218C5 /* Build configuration list for PBXProject "blocks" */ = {
			isa = XCConfigurationList;
			buildConfigurations = (
				6CA422541D6944F700B218C5 /* Debug */,
				6CA422551D6944F700B218C5 /* Release */,
			);
			defaultConfigurationIsVisible = 0;
			defaultConfigurationName = Release;
		};
		6CA422561D6944F700B218C5 /* Build configuration list for PBXNativeTarget "blocks" */ = {
			isa = XCConfigurationList;
			buildConfigurations = (
				6CA422571D6944F700B218C5 /* Debug */,
				6CA422581D6944F700B218C5 /* Release */,
			);
			defaultConfigurationIsVisible = 0;
		};
		6CA422591D6944F700B218C5 /* Build configuration list for PBXNativeTarget "blocksTests" */ = {
			isa = XCConfigurationList;
			buildConfigurations = (
				6CA4225A1D6944F700B218C5 /* Debug */,
				6CA4225B1D6944F700B218C5 /* Release */,
			);
			defaultConfigurationIsVisible = 0;
		};
		6CA4225C1D6944F700B218C5 /* Build configuration list for PBXNativeTarget "blocksUITests" */ = {
			isa = XCConfigurationList;
			buildConfigurations = (
				6CA4225D1D6944F700B218C5 /* Debug */,
				6CA4225E1D6944F700B218C5 /* Release */,
			);
			defaultConfigurationIsVisible = 0;
		};
/* End XCConfigurationList section */
	};
	rootObject = 6CA422211D6944F700B218C5 /* Project object */;
}
